{
  "name": "crestron-ui-composer",
  "version": "1.13.3",
  "lockfileVersion": 3,
  "requires": true,
  "packages": {
    "": {
      "name": "crestron-ui-composer",
      "version": "1.13.3",
      "dependencies": {
        "@crestron/ch5-webxpanel": "^2.8.0"
      },
      "devDependencies": {
        "@fortawesome/free-regular-svg-icons": "^7.3.1",
        "@fortawesome/free-solid-svg-icons": "^7.3.1",
        "@mdi/js": "^7.4.47",
        "bootstrap-icons": "^1.13.1"
      }
    },
    "node_modules/@crestron/ch5-webxpanel": {
      "version": "2.8.0",
      "resolved": "https://registry.npmjs.org/@crestron/ch5-webxpanel/-/ch5-webxpanel-2.8.0.tgz",
      "integrity": "sha512-Q8wX3Y4iyBaMM9l4mUnWsfisqHsDvfdiVFE8gAPOl95lPBSg8fyimd33vhNuzt8n3IZTXLLKJ6nIHp3pmxyJMA==",
      "license": "SEE LICENSE IN LICENSE.txt"
    },
    "node_modules/@fortawesome/fontawesome-common-types": {
      "version": "7.3.1",
      "resolved": "https://registry.npmjs.org/@fortawesome/fontawesome-common-types/-/fontawesome-common-types-7.3.1.tgz",
      "integrity": "sha512-k0C0sdHmZtAo6dRDtd1Z/qcpyHbL0CKsjV8seMY/21xGhY5Wsv0XRmiI/xEEH4y2c9b1+jvgNs/3EqhV27yUEA==",
      "dev": true,
      "license": "MIT",
      "engines": {
        "node": ">=6"
      }
    },
    "node_modules/@fortawesome/free-regular-svg-icons": {
      "version": "7.3.1",
      "resolved": "https://registry.npmjs.org/@fortawesome/free-regular-svg-icons/-/free-regular-svg-icons-7.3.1.tgz",
      "integrity": "sha512-q1EsmL7Q8DDnkRBUjSvrxbq7c9oVwwVjCn/xa5apKmdp65YSgzUg2y0Ltnd5aDbT6GdAQQdXql5Ha90ArqIReQ==",
      "dev": true,
      "license": "(CC-BY-4.0 AND MIT)",
      "dependencies": {
        "@fortawesome/fontawesome-common-types": "7.3.1"
      },
      "engines": {
        "node": ">=6"
      }
    },
    "node_modules/@fortawesome/free-solid-svg-icons": {
      "version": "7.3.1",
      "resolved": "https://registry.npmjs.org/@fortawesome/free-solid-svg-icons/-/free-solid-svg-icons-7.3.1.tgz",
      "integrity": "sha512-v0BLa0eqg7ubvVWeNSHVBs8fWH/GJicERZoJaxJ3FE/lj67VSqzoMg9pzfZVOfLMX10y0pGwQAuxoRVVH2patg==",
      "dev": true,
      "license": "(CC-BY-4.0 AND MIT)",
      "dependencies": {
        "@fortawesome/fontawesome-common-types": "7.3.1"
      },
      "engines": {
        "node": ">=6"
      }
    },
    "node_modules/@mdi/js": {
      "version": "7.4.47",
      "resolved": "https://registry.npmjs.org/@mdi/js/-/js-7.4.47.tgz",
      "integrity": "sha512-KPnNOtm5i2pMabqZxpUz7iQf+mfrYZyKCZ8QNz85czgEt7cuHcGorWfdzUMWYA0SD+a6Hn4FmJ+YhzzzjkTZrQ==",
      "dev": true,
      "license": "Apache-2.0"
    },
    "node_modules/bootstrap-icons": {
      "version": "1.13.1",
      "resolved": "https://registry.npmjs.org/bootstrap-icons/-/bootstrap-icons-1.13.1.tgz",
      "integrity": "sha512-ijombt4v6bv5CLeXvRWKy7CuM3TRTuPEuGaGKvTV5cz65rQSY8RQ2JcHt6b90cBBAC7s8fsf2EkQDldzCoXUjw==",
      "dev": true,
      "funding": [
        {
          "type": "github",
          "url": "https://github.com/sponsors/twbs"
        },
        {
          "type": "opencollective",
          "url": "https://opencollective.com/bootstrap"
        }
      ],
      "license": "MIT"
    }
  }
}
