{
  "name": "crestron-ui-composer",
  "version": "1.0.0",
  "lockfileVersion": 3,
  "requires": true,
  "packages": {
    "": {
      "name": "crestron-ui-composer",
      "version": "1.0.0",
      "dependencies": {
        "@crestron/ch5-webxpanel": "^2.8.0"
      }
    },
    "node_modules/@crestron/ch5-webxpanel": {
      "version": "2.8.0",
      "resolved": "https://registry.npmjs.org/@crestron/ch5-webxpanel/-/ch5-webxpanel-2.8.0.tgz",
      "integrity": "sha512-Q8wX3Y4iyBaMM9l4mUnWsfisqHsDvfdiVFE8gAPOl95lPBSg8fyimd33vhNuzt8n3IZTXLLKJ6nIHp3pmxyJMA==",
      "license": "SEE LICENSE IN LICENSE.txt"
    }
  }
}
